
Microsoft Visual Studio Solution File, Format Version 12.00
# Visual Studio 15
VisualStudioVersion = 15.0.27703.2035
MinimumVisualStudioVersion = 10.0.40219.1
Project("{FAE04EC0-301F-11D3-BF4B-00C04F79EFBC}") = "SnookerApp.Android", "SnookerApp\SnookerApp.Android\SnookerApp.Android.csproj", "{E283FA3F-A1EA-42B4-B7FB-E1D01FF303F5}"
EndProject
Project("{FAE04EC0-301F-11D3-BF4B-00C04F79EFBC}") = "SnookerApp.iOS", "SnookerApp\SnookerApp.iOS\SnookerApp.iOS.csproj", "{8415705A-D848-42B7-860E-CE0F19667324}"
EndProject
Project("{FAE04EC0-301F-11D3-BF4B-00C04F79EFBC}") = "SnookerApp.UWP", "SnookerApp\SnookerApp.UWP\SnookerApp.UWP.csproj", "{7BFBD795-CB1F-47EB-90DF-063BBB874C3F}"
EndProject
Project("{D954291E-2A0B-460D-934E-DC6B0785DB48}") = "SnookerApp", "SnookerApp\SnookerApp\SnookerApp.shproj", "{DAB51EAC-4740-41F1-A9F2-E5DB7A1760B5}"
EndProject
Global
	GlobalSection(SharedMSBuildProjectFiles) = preSolution
		SnookerApp\SnookerApp\SnookerApp.projitems*{7bfbd795-cb1f-47eb-90df-063bbb874c3f}*SharedItemsImports = 4
		SnookerApp\SnookerApp\SnookerApp.projitems*{8415705a-d848-42b7-860e-ce0f19667324}*SharedItemsImports = 4
		SnookerApp\SnookerApp\SnookerApp.projitems*{dab51eac-4740-41f1-a9f2-e5db7a1760b5}*SharedItemsImports = 13
		SnookerApp\SnookerApp\SnookerApp.projitems*{e283fa3f-a1ea-42b4-b7fb-e1d01ff303f5}*SharedItemsImports = 4
	EndGlobalSection
	GlobalSection(SolutionConfigurationPlatforms) = preSolution
		Ad-Hoc|Any CPU = Ad-Hoc|Any CPU
		Ad-Hoc|ARM = Ad-Hoc|ARM
		Ad-Hoc|iPhone = Ad-Hoc|iPhone
		Ad-Hoc|iPhoneSimulator = Ad-Hoc|iPhoneSimulator
		Ad-Hoc|x64 = Ad-Hoc|x64
		Ad-Hoc|x86 = Ad-Hoc|x86
		AppStore|Any CPU = AppStore|Any CPU
		AppStore|ARM = AppStore|ARM
		AppStore|iPhone = AppStore|iPhone
		AppStore|iPhoneSimulator = AppStore|iPhoneSimulator
		AppStore|x64 = AppStore|x64
		AppStore|x86 = AppStore|x86
		Debug|Any CPU = Debug|Any CPU
		Debug|ARM = Debug|ARM
		Debug|iPhone = Debug|iPhone
		Debug|iPhoneSimulator = Debug|iPhoneSimulator
		Debug|x64 = Debug|x64
		Debug|x86 = Debug|x86
		Release|Any CPU = Release|Any CPU
		Release|ARM = Release|ARM
		Release|iPhone = Release|iPhone
		Release|iPhoneSimulator = Release|iPhoneSimulator
		Release|x64 = Release|x64
		Release|x86 = Release|x86
	EndGlobalSection
	GlobalSection(ProjectConfigurationPlatforms) = postSolution
		{E283FA3F-A1EA-42B4-B7FB-E1D01FF303F5}.Ad-Hoc|Any CPU.ActiveCfg = Release|Any CPU
		{E283FA3F-A1EA-42B4-B7FB-E1D01FF303F5}.Ad-Hoc|Any CPU.Build.0 = Release|Any CPU
		{E283FA3F-A1EA-42B4-B7FB-E1D01FF303F5}.Ad-Hoc|Any CPU.Deploy.0 = Release|Any CPU
		{E283FA3F-A1EA-42B4-B7FB-E1D01FF303F5}.Ad-Hoc|ARM.ActiveCfg = Release|Any CPU
		{E283FA3F-A1EA-42B4-B7FB-E1D01FF303F5}.Ad-Hoc|ARM.Build.0 = Release|Any CPU
		{E283FA3F-A1EA-42B4-B7FB-E1D01FF303F5}.Ad-Hoc|ARM.Deploy.0 = Release|Any CPU
		{E283FA3F-A1EA-42B4-B7FB-E1D01FF303F5}.Ad-Hoc|iPhone.ActiveCfg = Release|Any CPU
		{E283FA3F-A1EA-42B4-B7FB-E1D01FF303F5}.Ad-Hoc|iPhone.Build.0 = Release|Any CPU
		{E283FA3F-A1EA-42B4-B7FB-E1D01FF303F5}.Ad-Hoc|iPhone.Deploy.0 = Release|Any CPU
		{E283FA3F-A1EA-42B4-B7FB-E1D01FF303F5}.Ad-Hoc|iPhoneSimulator.ActiveCfg = Release|Any CPU
		{E283FA3F-A1EA-42B4-B7FB-E1D01FF303F5}.Ad-Hoc|iPhoneSimulator.Build.0 = Release|Any CPU
		{E283FA3F-A1EA-42B4-B7FB-E1D01FF303F5}.Ad-Hoc|iPhoneSimulator.Deploy.0 = Release|Any CPU
		{E283FA3F-A1EA-42B4-B7FB-E1D01FF303F5}.Ad-Hoc|x64.ActiveCfg = Release|Any CPU
		{E283FA3F-A1EA-42B4-B7FB-E1D01FF303F5}.Ad-Hoc|x64.Build.0 = Release|Any CPU
		{E283FA3F-A1EA-42B4-B7FB-E1D01FF303F5}.Ad-Hoc|x64.Deploy.0 = Release|Any CPU
		{E283FA3F-A1EA-42B4-B7FB-E1D01FF303F5}.Ad-Hoc|x86.ActiveCfg = Release|Any CPU
		{E283FA3F-A1EA-42B4-B7FB-E1D01FF303F5}.Ad-Hoc|x86.Build.0 = Release|Any CPU
		{E283FA3F-A1EA-42B4-B7FB-E1D01FF303F5}.Ad-Hoc|x86.Deploy.0 = Release|Any CPU
		{E283FA3F-A1EA-42B4-B7FB-E1D01FF303F5}.AppStore|Any CPU.ActiveCfg = Release|Any CPU
		{E283FA3F-A1EA-42B4-B7FB-E1D01FF303F5}.AppStore|Any CPU.Build.0 = Release|Any CPU
		{E283FA3F-A1EA-42B4-B7FB-E1D01FF303F5}.AppStore|Any CPU.Deploy.0 = Release|Any CPU
		{E283FA3F-A1EA-42B4-B7FB-E1D01FF303F5}.AppStore|ARM.ActiveCfg = Release|Any CPU
		{E283FA3F-A1EA-42B4-B7FB-E1D01FF303F5}.AppStore|ARM.Build.0 = Release|Any CPU
		{E283FA3F-A1EA-42B4-B7FB-E1D01FF303F5}.AppStore|ARM.Deploy.0 = Release|Any CPU
		{E283FA3F-A1EA-42B4-B7FB-E1D01FF303F5}.AppStore|iPhone.ActiveCfg = Release|Any CPU
		{E283FA3F-A1EA-42B4-B7FB-E1D01FF303F5}.AppStore|iPhone.Build.0 = Release|Any CPU
		{E283FA3F-A1EA-42B4-B7FB-E1D01FF303F5}.AppStore|iPhone.Deploy.0 = Release|Any CPU
		{E283FA3F-A1EA-42B4-B7FB-E1D01FF303F5}.AppStore|iPhoneSimulator.ActiveCfg = Release|Any CPU
		{E283FA3F-A1EA-42B4-B7FB-E1D01FF303F5}.AppStore|iPhoneSimulator.Build.0 = Release|Any CPU
		{E283FA3F-A1EA-42B4-B7FB-E1D01FF303F5}.AppStore|iPhoneSimulator.Deploy.0 = Release|Any CPU
		{E283FA3F-A1EA-42B4-B7FB-E1D01FF303F5}.AppStore|x64.ActiveCfg = Release|Any CPU
		{E283FA3F-A1EA-42B4-B7FB-E1D01FF303F5}.AppStore|x64.Build.0 = Release|Any CPU
		{E283FA3F-A1EA-42B4-B7FB-E1D01FF303F5}.AppStore|x64.Deploy.0 = Release|Any CPU
		{E283FA3F-A1EA-42B4-B7FB-E1D01FF303F5}.AppStore|x86.ActiveCfg = Release|Any CPU
		{E283FA3F-A1EA-42B4-B7FB-E1D01FF303F5}.AppStore|x86.Build.0 = Release|Any CPU
		{E283FA3F-A1EA-42B4-B7FB-E1D01FF303F5}.AppStore|x86.Deploy.0 = Release|Any CPU
		{E283FA3F-A1EA-42B4-B7FB-E1D01FF303F5}.Debug|Any CPU.ActiveCfg = Debug|Any CPU
		{E283FA3F-A1EA-42B4-B7FB-E1D01FF303F5}.Debug|Any CPU.Build.0 = Debug|Any CPU
		{E283FA3F-A1EA-42B4-B7FB-E1D01FF303F5}.Debug|Any CPU.Deploy.0 = Debug|Any CPU
		{E283FA3F-A1EA-42B4-B7FB-E1D01FF303F5}.Debug|ARM.ActiveCfg = Debug|Any CPU
		{E283FA3F-A1EA-42B4-B7FB-E1D01FF303F5}.Debug|ARM.Build.0 = Debug|Any CPU
		{E283FA3F-A1EA-42B4-B7FB-E1D01FF303F5}.Debug|ARM.Deploy.0 = Debug|Any CPU
		{E283FA3F-A1EA-42B4-B7FB-E1D01FF303F5}.Debug|iPhone.ActiveCfg = Debug|Any CPU
		{E283FA3F-A1EA-42B4-B7FB-E1D01FF303F5}.Debug|iPhone.Build.0 = Debug|Any CPU
		{E283FA3F-A1EA-42B4-B7FB-E1D01FF303F5}.Debug|iPhone.Deploy.0 = Debug|Any CPU
		{E283FA3F-A1EA-42B4-B7FB-E1D01FF303F5}.Debug|iPhoneSimulator.ActiveCfg = Debug|Any CPU
		{E283FA3F-A1EA-42B4-B7FB-E1D01FF303F5}.Debug|iPhoneSimulator.Build.0 = Debug|Any CPU
		{E283FA3F-A1EA-42B4-B7FB-E1D01FF303F5}.Debug|iPhoneSimulator.Deploy.0 = Debug|Any CPU
		{E283FA3F-A1EA-42B4-B7FB-E1D01FF303F5}.Debug|x64.ActiveCfg = Debug|Any CPU
		{E283FA3F-A1EA-42B4-B7FB-E1D01FF303F5}.Debug|x64.Build.0 = Debug|Any CPU
		{E283FA3F-A1EA-42B4-B7FB-E1D01FF303F5}.Debug|x64.Deploy.0 = Debug|Any CPU
		{E283FA3F-A1EA-42B4-B7FB-E1D01FF303F5}.Debug|x86.ActiveCfg = Debug|Any CPU
		{E283FA3F-A1EA-42B4-B7FB-E1D01FF303F5}.Debug|x86.Build.0 = Debug|Any CPU
		{E283FA3F-A1EA-42B4-B7FB-E1D01FF303F5}.Debug|x86.Deploy.0 = Debug|Any CPU
		{E283FA3F-A1EA-42B4-B7FB-E1D01FF303F5}.Release|Any CPU.ActiveCfg = Release|Any CPU
		{E283FA3F-A1EA-42B4-B7FB-E1D01FF303F5}.Release|Any CPU.Build.0 = Release|Any CPU
		{E283FA3F-A1EA-42B4-B7FB-E1D01FF303F5}.Release|Any CPU.Deploy.0 = Release|Any CPU
		{E283FA3F-A1EA-42B4-B7FB-E1D01FF303F5}.Release|ARM.ActiveCfg = Release|Any CPU
		{E283FA3F-A1EA-42B4-B7FB-E1D01FF303F5}.Release|ARM.Build.0 = Release|Any CPU
		{E283FA3F-A1EA-42B4-B7FB-E1D01FF303F5}.Release|ARM.Deploy.0 = Release|Any CPU
		{E283FA3F-A1EA-42B4-B7FB-E1D01FF303F5}.Release|iPhone.ActiveCfg = Release|Any CPU
		{E283FA3F-A1EA-42B4-B7FB-E1D01FF303F5}.Release|iPhone.Build.0 = Release|Any CPU
		{E283FA3F-A1EA-42B4-B7FB-E1D01FF303F5}.Release|iPhone.Deploy.0 = Release|Any CPU
		{E283FA3F-A1EA-42B4-B7FB-E1D01FF303F5}.Release|iPhoneSimulator.ActiveCfg = Release|Any CPU
		{E283FA3F-A1EA-42B4-B7FB-E1D01FF303F5}.Release|iPhoneSimulator.Build.0 = Release|Any CPU
		{E283FA3F-A1EA-42B4-B7FB-E1D01FF303F5}.Release|iPhoneSimulator.Deploy.0 = Release|Any CPU
		{E283FA3F-A1EA-42B4-B7FB-E1D01FF303F5}.Release|x64.ActiveCfg = Release|Any CPU
		{E283FA3F-A1EA-42B4-B7FB-E1D01FF303F5}.Release|x64.Build.0 = Release|Any CPU
		{E283FA3F-A1EA-42B4-B7FB-E1D01FF303F5}.Release|x64.Deploy.0 = Release|Any CPU
		{E283FA3F-A1EA-42B4-B7FB-E1D01FF303F5}.Release|x86.ActiveCfg = Release|Any CPU
		{E283FA3F-A1EA-42B4-B7FB-E1D01FF303F5}.Release|x86.Build.0 = Release|Any CPU
		{E283FA3F-A1EA-42B4-B7FB-E1D01FF303F5}.Release|x86.Deploy.0 = Release|Any CPU
		{8415705A-D848-42B7-860E-CE0F19667324}.Ad-Hoc|Any CPU.ActiveCfg = Ad-Hoc|iPhone
		{8415705A-D848-42B7-860E-CE0F19667324}.Ad-Hoc|Any CPU.Build.0 = Ad-Hoc|iPhone
		{8415705A-D848-42B7-860E-CE0F19667324}.Ad-Hoc|Any CPU.Deploy.0 = Ad-Hoc|iPhone
		{8415705A-D848-42B7-860E-CE0F19667324}.Ad-Hoc|ARM.ActiveCfg = Ad-Hoc|iPhone
		{8415705A-D848-42B7-860E-CE0F19667324}.Ad-Hoc|ARM.Build.0 = Ad-Hoc|iPhone
		{8415705A-D848-42B7-860E-CE0F19667324}.Ad-Hoc|ARM.Deploy.0 = Ad-Hoc|iPhone
		{8415705A-D848-42B7-860E-CE0F19667324}.Ad-Hoc|iPhone.ActiveCfg = Ad-Hoc|iPhone
		{8415705A-D848-42B7-860E-CE0F19667324}.Ad-Hoc|iPhone.Build.0 = Ad-Hoc|iPhone
		{8415705A-D848-42B7-860E-CE0F19667324}.Ad-Hoc|iPhone.Deploy.0 = Ad-Hoc|iPhone
		{8415705A-D848-42B7-860E-CE0F19667324}.Ad-Hoc|iPhoneSimulator.ActiveCfg = Ad-Hoc|iPhoneSimulator
		{8415705A-D848-42B7-860E-CE0F19667324}.Ad-Hoc|iPhoneSimulator.Build.0 = Ad-Hoc|iPhoneSimulator
		{8415705A-D848-42B7-860E-CE0F19667324}.Ad-Hoc|iPhoneSimulator.Deploy.0 = Ad-Hoc|iPhoneSimulator
		{8415705A-D848-42B7-860E-CE0F19667324}.Ad-Hoc|x64.ActiveCfg = Ad-Hoc|iPhone
		{8415705A-D848-42B7-860E-CE0F19667324}.Ad-Hoc|x64.Build.0 = Ad-Hoc|iPhone
		{8415705A-D848-42B7-860E-CE0F19667324}.Ad-Hoc|x64.Deploy.0 = Ad-Hoc|iPhone
		{8415705A-D848-42B7-860E-CE0F19667324}.Ad-Hoc|x86.ActiveCfg = Ad-Hoc|iPhone
		{8415705A-D848-42B7-860E-CE0F19667324}.Ad-Hoc|x86.Build.0 = Ad-Hoc|iPhone
		{8415705A-D848-42B7-860E-CE0F19667324}.Ad-Hoc|x86.Deploy.0 = Ad-Hoc|iPhone
		{8415705A-D848-42B7-860E-CE0F19667324}.AppStore|Any CPU.ActiveCfg = AppStore|iPhone
		{8415705A-D848-42B7-860E-CE0F19667324}.AppStore|Any CPU.Build.0 = AppStore|iPhone
		{8415705A-D848-42B7-860E-CE0F19667324}.AppStore|Any CPU.Deploy.0 = AppStore|iPhone
		{8415705A-D848-42B7-860E-CE0F19667324}.AppStore|ARM.ActiveCfg = AppStore|iPhone
		{8415705A-D848-42B7-860E-CE0F19667324}.AppStore|ARM.Build.0 = AppStore|iPhone
		{8415705A-D848-42B7-860E-CE0F19667324}.AppStore|ARM.Deploy.0 = AppStore|iPhone
		{8415705A-D848-42B7-860E-CE0F19667324}.AppStore|iPhone.ActiveCfg = AppStore|iPhone
		{8415705A-D848-42B7-860E-CE0F19667324}.AppStore|iPhone.Build.0 = AppStore|iPhone
		{8415705A-D848-42B7-860E-CE0F19667324}.AppStore|iPhone.Deploy.0 = AppStore|iPhone
		{8415705A-D848-42B7-860E-CE0F19667324}.AppStore|iPhoneSimulator.ActiveCfg = AppStore|iPhoneSimulator
		{8415705A-D848-42B7-860E-CE0F19667324}.AppStore|iPhoneSimulator.Build.0 = AppStore|iPhoneSimulator
		{8415705A-D848-42B7-860E-CE0F19667324}.AppStore|iPhoneSimulator.Deploy.0 = AppStore|iPhoneSimulator
		{8415705A-D848-42B7-860E-CE0F19667324}.AppStore|x64.ActiveCfg = AppStore|iPhone
		{8415705A-D848-42B7-860E-CE0F19667324}.AppStore|x64.Build.0 = AppStore|iPhone
		{8415705A-D848-42B7-860E-CE0F19667324}.AppStore|x64.Deploy.0 = AppStore|iPhone
		{8415705A-D848-42B7-860E-CE0F19667324}.AppStore|x86.ActiveCfg = AppStore|iPhone
		{8415705A-D848-42B7-860E-CE0F19667324}.AppStore|x86.Build.0 = AppStore|iPhone
		{8415705A-D848-42B7-860E-CE0F19667324}.AppStore|x86.Deploy.0 = AppStore|iPhone
		{8415705A-D848-42B7-860E-CE0F19667324}.Debug|Any CPU.ActiveCfg = Debug|iPhoneSimulator
		{8415705A-D848-42B7-860E-CE0F19667324}.Debug|Any CPU.Build.0 = Debug|iPhoneSimulator
		{8415705A-D848-42B7-860E-CE0F19667324}.Debug|Any CPU.Deploy.0 = Debug|iPhoneSimulator
		{8415705A-D848-42B7-860E-CE0F19667324}.Debug|ARM.ActiveCfg = Debug|iPhone
		{8415705A-D848-42B7-860E-CE0F19667324}.Debug|ARM.Build.0 = Debug|iPhone
		{8415705A-D848-42B7-860E-CE0F19667324}.Debug|ARM.Deploy.0 = Debug|iPhone
		{8415705A-D848-42B7-860E-CE0F19667324}.Debug|iPhone.ActiveCfg = Debug|iPhone
		{8415705A-D848-42B7-860E-CE0F19667324}.Debug|iPhone.Build.0 = Debug|iPhone
		{8415705A-D848-42B7-860E-CE0F19667324}.Debug|iPhone.Deploy.0 = Debug|iPhone
		{8415705A-D848-42B7-860E-CE0F19667324}.Debug|iPhoneSimulator.ActiveCfg = Debug|iPhoneSimulator
		{8415705A-D848-42B7-860E-CE0F19667324}.Debug|iPhoneSimulator.Build.0 = Debug|iPhoneSimulator
		{8415705A-D848-42B7-860E-CE0F19667324}.Debug|iPhoneSimulator.Deploy.0 = Debug|iPhoneSimulator
		{8415705A-D848-42B7-860E-CE0F19667324}.Debug|x64.ActiveCfg = Debug|iPhone
		{8415705A-D848-42B7-860E-CE0F19667324}.Debug|x64.Build.0 = Debug|iPhone
		{8415705A-D848-42B7-860E-CE0F19667324}.Debug|x64.Deploy.0 = Debug|iPhone
		{8415705A-D848-42B7-860E-CE0F19667324}.Debug|x86.ActiveCfg = Debug|iPhone
		{8415705A-D848-42B7-860E-CE0F19667324}.Debug|x86.Build.0 = Debug|iPhone
		{8415705A-D848-42B7-860E-CE0F19667324}.Debug|x86.Deploy.0 = Debug|iPhone
		{8415705A-D848-42B7-860E-CE0F19667324}.Release|Any CPU.ActiveCfg = Release|iPhone
		{8415705A-D848-42B7-860E-CE0F19667324}.Release|Any CPU.Build.0 = Release|iPhone
		{8415705A-D848-42B7-860E-CE0F19667324}.Release|Any CPU.Deploy.0 = Release|iPhone
		{8415705A-D848-42B7-860E-CE0F19667324}.Release|ARM.ActiveCfg = Release|iPhone
		{8415705A-D848-42B7-860E-CE0F19667324}.Release|ARM.Build.0 = Release|iPhone
		{8415705A-D848-42B7-860E-CE0F19667324}.Release|ARM.Deploy.0 = Release|iPhone
		{8415705A-D848-42B7-860E-CE0F19667324}.Release|iPhone.ActiveCfg = Release|iPhone
		{8415705A-D848-42B7-860E-CE0F19667324}.Release|iPhone.Build.0 = Release|iPhone
		{8415705A-D848-42B7-860E-CE0F19667324}.Release|iPhone.Deploy.0 = Release|iPhone
		{8415705A-D848-42B7-860E-CE0F19667324}.Release|iPhoneSimulator.ActiveCfg = Release|iPhoneSimulator
		{8415705A-D848-42B7-860E-CE0F19667324}.Release|iPhoneSimulator.Build.0 = Release|iPhoneSimulator
		{8415705A-D848-42B7-860E-CE0F19667324}.Release|iPhoneSimulator.Deploy.0 = Release|iPhoneSimulator
		{8415705A-D848-42B7-860E-CE0F19667324}.Release|x64.ActiveCfg = Release|iPhone
		{8415705A-D848-42B7-860E-CE0F19667324}.Release|x64.Build.0 = Release|iPhone
		{8415705A-D848-42B7-860E-CE0F19667324}.Release|x64.Deploy.0 = Release|iPhone
		{8415705A-D848-42B7-860E-CE0F19667324}.Release|x86.ActiveCfg = Release|iPhone
		{8415705A-D848-42B7-860E-CE0F19667324}.Release|x86.Build.0 = Release|iPhone
		{8415705A-D848-42B7-860E-CE0F19667324}.Release|x86.Deploy.0 = Release|iPhone
		{7BFBD795-CB1F-47EB-90DF-063BBB874C3F}.Ad-Hoc|Any CPU.ActiveCfg = Release|x86
		{7BFBD795-CB1F-47EB-90DF-063BBB874C3F}.Ad-Hoc|Any CPU.Build.0 = Release|x86
		{7BFBD795-CB1F-47EB-90DF-063BBB874C3F}.Ad-Hoc|Any CPU.Deploy.0 = Release|x86
		{7BFBD795-CB1F-47EB-90DF-063BBB874C3F}.Ad-Hoc|ARM.ActiveCfg = Release|ARM
		{7BFBD795-CB1F-47EB-90DF-063BBB874C3F}.Ad-Hoc|ARM.Build.0 = Release|ARM
		{7BFBD795-CB1F-47EB-90DF-063BBB874C3F}.Ad-Hoc|ARM.Deploy.0 = Release|ARM
		{7BFBD795-CB1F-47EB-90DF-063BBB874C3F}.Ad-Hoc|iPhone.ActiveCfg = Release|x86
		{7BFBD795-CB1F-47EB-90DF-063BBB874C3F}.Ad-Hoc|iPhone.Build.0 = Release|x86
		{7BFBD795-CB1F-47EB-90DF-063BBB874C3F}.Ad-Hoc|iPhone.Deploy.0 = Release|x86
		{7BFBD795-CB1F-47EB-90DF-063BBB874C3F}.Ad-Hoc|iPhoneSimulator.ActiveCfg = Release|x86
		{7BFBD795-CB1F-47EB-90DF-063BBB874C3F}.Ad-Hoc|iPhoneSimulator.Build.0 = Release|x86
		{7BFBD795-CB1F-47EB-90DF-063BBB874C3F}.Ad-Hoc|iPhoneSimulator.Deploy.0 = Release|x86
		{7BFBD795-CB1F-47EB-90DF-063BBB874C3F}.Ad-Hoc|x64.ActiveCfg = Release|x64
		{7BFBD795-CB1F-47EB-90DF-063BBB874C3F}.Ad-Hoc|x64.Build.0 = Release|x64
		{7BFBD795-CB1F-47EB-90DF-063BBB874C3F}.Ad-Hoc|x64.Deploy.0 = Release|x64
		{7BFBD795-CB1F-47EB-90DF-063BBB874C3F}.Ad-Hoc|x86.ActiveCfg = Release|x86
		{7BFBD795-CB1F-47EB-90DF-063BBB874C3F}.Ad-Hoc|x86.Build.0 = Release|x86
		{7BFBD795-CB1F-47EB-90DF-063BBB874C3F}.Ad-Hoc|x86.Deploy.0 = Release|x86
		{7BFBD795-CB1F-47EB-90DF-063BBB874C3F}.AppStore|Any CPU.ActiveCfg = Release|x86
		{7BFBD795-CB1F-47EB-90DF-063BBB874C3F}.AppStore|Any CPU.Build.0 = Release|x86
		{7BFBD795-CB1F-47EB-90DF-063BBB874C3F}.AppStore|Any CPU.Deploy.0 = Release|x86
		{7BFBD795-CB1F-47EB-90DF-063BBB874C3F}.AppStore|ARM.ActiveCfg = Release|ARM
		{7BFBD795-CB1F-47EB-90DF-063BBB874C3F}.AppStore|ARM.Build.0 = Release|ARM
		{7BFBD795-CB1F-47EB-90DF-063BBB874C3F}.AppStore|ARM.Deploy.0 = Release|ARM
		{7BFBD795-CB1F-47EB-90DF-063BBB874C3F}.AppStore|iPhone.ActiveCfg = Release|x86
		{7BFBD795-CB1F-47EB-90DF-063BBB874C3F}.AppStore|iPhone.Build.0 = Release|x86
		{7BFBD795-CB1F-47EB-90DF-063BBB874C3F}.AppStore|iPhone.Deploy.0 = Release|x86
		{7BFBD795-CB1F-47EB-90DF-063BBB874C3F}.AppStore|iPhoneSimulator.ActiveCfg = Release|x86
		{7BFBD795-CB1F-47EB-90DF-063BBB874C3F}.AppStore|iPhoneSimulator.Build.0 = Release|x86
		{7BFBD795-CB1F-47EB-90DF-063BBB874C3F}.AppStore|iPhoneSimulator.Deploy.0 = Release|x86
		{7BFBD795-CB1F-47EB-90DF-063BBB874C3F}.AppStore|x64.ActiveCfg = Release|x64
		{7BFBD795-CB1F-47EB-90DF-063BBB874C3F}.AppStore|x64.Build.0 = Release|x64
		{7BFBD795-CB1F-47EB-90DF-063BBB874C3F}.AppStore|x64.Deploy.0 = Release|x64
		{7BFBD795-CB1F-47EB-90DF-063BBB874C3F}.AppStore|x86.ActiveCfg = Release|x86
		{7BFBD795-CB1F-47EB-90DF-063BBB874C3F}.AppStore|x86.Build.0 = Release|x86
		{7BFBD795-CB1F-47EB-90DF-063BBB874C3F}.AppStore|x86.Deploy.0 = Release|x86
		{7BFBD795-CB1F-47EB-90DF-063BBB874C3F}.Debug|Any CPU.ActiveCfg = Debug|x86
		{7BFBD795-CB1F-47EB-90DF-063BBB874C3F}.Debug|Any CPU.Build.0 = Debug|x86
		{7BFBD795-CB1F-47EB-90DF-063BBB874C3F}.Debug|Any CPU.Deploy.0 = Debug|x86
		{7BFBD795-CB1F-47EB-90DF-063BBB874C3F}.Debug|ARM.ActiveCfg = Debug|ARM
		{7BFBD795-CB1F-47EB-90DF-063BBB874C3F}.Debug|ARM.Build.0 = Debug|ARM
		{7BFBD795-CB1F-47EB-90DF-063BBB874C3F}.Debug|ARM.Deploy.0 = Debug|ARM
		{7BFBD795-CB1F-47EB-90DF-063BBB874C3F}.Debug|iPhone.ActiveCfg = Debug|x86
		{7BFBD795-CB1F-47EB-90DF-063BBB874C3F}.Debug|iPhone.Build.0 = Debug|x86
		{7BFBD795-CB1F-47EB-90DF-063BBB874C3F}.Debug|iPhone.Deploy.0 = Debug|x86
		{7BFBD795-CB1F-47EB-90DF-063BBB874C3F}.Debug|iPhoneSimulator.ActiveCfg = Debug|x86
		{7BFBD795-CB1F-47EB-90DF-063BBB874C3F}.Debug|iPhoneSimulator.Build.0 = Debug|x86
		{7BFBD795-CB1F-47EB-90DF-063BBB874C3F}.Debug|iPhoneSimulator.Deploy.0 = Debug|x86
		{7BFBD795-CB1F-47EB-90DF-063BBB874C3F}.Debug|x64.ActiveCfg = Debug|x64
		{7BFBD795-CB1F-47EB-90DF-063BBB874C3F}.Debug|x64.Build.0 = Debug|x64
		{7BFBD795-CB1F-47EB-90DF-063BBB874C3F}.Debug|x64.Deploy.0 = Debug|x64
		{7BFBD795-CB1F-47EB-90DF-063BBB874C3F}.Debug|x86.ActiveCfg = Debug|x86
		{7BFBD795-CB1F-47EB-90DF-063BBB874C3F}.Debug|x86.Build.0 = Debug|x86
		{7BFBD795-CB1F-47EB-90DF-063BBB874C3F}.Debug|x86.Deploy.0 = Debug|x86
		{7BFBD795-CB1F-47EB-90DF-063BBB874C3F}.Release|Any CPU.ActiveCfg = Release|x86
		{7BFBD795-CB1F-47EB-90DF-063BBB874C3F}.Release|Any CPU.Build.0 = Release|x86
		{7BFBD795-CB1F-47EB-90DF-063BBB874C3F}.Release|Any CPU.Deploy.0 = Release|x86
		{7BFBD795-CB1F-47EB-90DF-063BBB874C3F}.Release|ARM.ActiveCfg = Release|ARM
		{7BFBD795-CB1F-47EB-90DF-063BBB874C3F}.Release|ARM.Build.0 = Release|ARM
		{7BFBD795-CB1F-47EB-90DF-063BBB874C3F}.Release|ARM.Deploy.0 = Release|ARM
		{7BFBD795-CB1F-47EB-90DF-063BBB874C3F}.Release|iPhone.ActiveCfg = Release|x86
		{7BFBD795-CB1F-47EB-90DF-063BBB874C3F}.Release|iPhone.Build.0 = Release|x86
		{7BFBD795-CB1F-47EB-90DF-063BBB874C3F}.Release|iPhone.Deploy.0 = Release|x86
		{7BFBD795-CB1F-47EB-90DF-063BBB874C3F}.Release|iPhoneSimulator.ActiveCfg = Release|x86
		{7BFBD795-CB1F-47EB-90DF-063BBB874C3F}.Release|iPhoneSimulator.Build.0 = Release|x86
		{7BFBD795-CB1F-47EB-90DF-063BBB874C3F}.Release|iPhoneSimulator.Deploy.0 = Release|x86
		{7BFBD795-CB1F-47EB-90DF-063BBB874C3F}.Release|x64.ActiveCfg = Release|x64
		{7BFBD795-CB1F-47EB-90DF-063BBB874C3F}.Release|x64.Build.0 = Release|x64
		{7BFBD795-CB1F-47EB-90DF-063BBB874C3F}.Release|x64.Deploy.0 = Release|x64
		{7BFBD795-CB1F-47EB-90DF-063BBB874C3F}.Release|x86.ActiveCfg = Release|x86
		{7BFBD795-CB1F-47EB-90DF-063BBB874C3F}.Release|x86.Build.0 = Release|x86
		{7BFBD795-CB1F-47EB-90DF-063BBB874C3F}.Release|x86.Deploy.0 = Release|x86
	EndGlobalSection
	GlobalSection(SolutionProperties) = preSolution
		HideSolutionNode = FALSE
	EndGlobalSection
	GlobalSection(ExtensibilityGlobals) = postSolution
		SolutionGuid = {F85BF033-9331-43F3-AD6F-62C5958A633E}
	EndGlobalSection
EndGlobal
